<?xml version="1.0" encoding="utf-8"?>
<Project ToolsVersion="4.0" xmlns="http://schemas.microsoft.com/developer/msbuild/2003">
  <ItemGroup>
    <Filter Include="Fichiers sources">
      <UniqueIdentifier>{4FC737F1-C7A5-4376-A066-2A32D752A2FF}</UniqueIdentifier>
      <Extensions>cpp;c;cc;cxx;c++;cppm;ixx;def;odl;idl;hpj;bat;asm;asmx</Extensions>
    </Filter>
    <Filter Include="Fichiers d%27en-tête">
      <UniqueIdentifier>{93995380-89BD-4b04-88EB-625FBE52EBFB}</UniqueIdentifier>
      <Extensions>h;hh;hpp;hxx;h++;hm;inl;inc;ipp;xsd</Extensions>
    </Filter>
    <Filter Include="Fichiers de ressources">
      <UniqueIdentifier>{67DA6AB6-F800-4c08-8B7A-83BB121AAD01}</UniqueIdentifier>
      <Extensions>rc;ico;cur;bmp;dlg;rc2;rct;bin;rgs;gif;jpg;jpeg;jpe;resx;tiff;tif;png;wav;mfcribbon-ms</Extensions>
    </Filter>
    <Filter Include="Fichiers sources\Graph">
      <UniqueIdentifier>{7aef8dd0-6eb5-4155-bfec-5892430cce26}</UniqueIdentifier>
    </Filter>
    <Filter Include="Fichiers sources\Utils">
      <UniqueIdentifier>{4fb5866b-5c71-4a24-be6d-520dc7276260}</UniqueIdentifier>
    </Filter>
  </ItemGroup>
  <ItemGroup>
    <ClCompile Include="Graph.c">
      <Filter>Fichiers sources\Graph</Filter>
    </ClCompile>
    <ClCompile Include="ShortestPath.c">
      <Filter>Fichiers sources\Graph</Filter>
    </ClCompile>
    <ClCompile Include="Main.c">
      <Filter>Fichiers sources</Filter>
    </ClCompile>
    <ClCompile Include="ListInt.c">
      <Filter>Fichiers sources\Utils</Filter>
    </ClCompile>
    <ClCompile Include="BinHeap.c">
      <Filter>Fichiers sources</Filter>
    </ClCompile>
    <ClCompile Include="TSP.c">
      <Filter>Fichiers sources\Graph</Filter>
    </ClCompile>
    <ClCompile Include="affichage.c">
      <Filter>Fichiers sources</Filter>
    </ClCompile>
    <ClCompile Include="TownInput.c">
      <Filter>Fichiers sources</Filter>
    </ClCompile>
  </ItemGroup>
  <ItemGroup>
    <ClInclude Include="Settings.h">
      <Filter>Fichiers sources</Filter>
    </ClInclude>
    <ClInclude Include="Graph.h">
      <Filter>Fichiers sources\Graph</Filter>
    </ClInclude>
    <ClInclude Include="ShortestPath.h">
      <Filter>Fichiers sources\Graph</Filter>
    </ClInclude>
    <ClInclude Include="ListInt.h">
      <Filter>Fichiers sources\Utils</Filter>
    </ClInclude>
    <ClInclude Include="BinHeap.h">
      <Filter>Fichiers sources</Filter>
    </ClInclude>
    <ClInclude Include="TSP.h">
      <Filter>Fichiers sources\Graph</Filter>
    </ClInclude>
    <ClInclude Include="affichage.h">
      <Filter>Fichiers sources</Filter>
    </ClInclude>
    <ClInclude Include="TownInput.h">
      <Filter>Fichiers sources</Filter>
    </ClInclude>
  </ItemGroup>
</Project>